
Microsoft Visual Studio Solution File, Format Version 12.00
# Visual Studio Version 17
VisualStudioVersion = 17.9.34728.123
MinimumVisualStudioVersion = 10.0.40219.1
Project("{FAE04EC0-301F-11D3-BF4B-00C04F79EFBC}") = "veritabaniproje", "veritabaniproje\veritabaniproje.csproj", "{BECE8902-D10E-4126-B4B2-1DBADE4A1F42}"
EndProject
Global
	GlobalSection(SolutionConfigurationPlatforms) = preSolution
		Debug|Any CPU = Debug|Any CPU
		Release|Any CPU = Release|Any CPU
	EndGlobalSection
	GlobalSection(ProjectConfigurationPlatforms) = postSolution
		{BECE8902-D10E-4126-B4B2-1DBADE4A1F42}.Debug|Any CPU.ActiveCfg = Debug|Any CPU
		{BECE8902-D10E-4126-B4B2-1DBADE4A1F42}.Debug|Any CPU.Build.0 = Debug|Any CPU
		{BECE8902-D10E-4126-B4B2-1DBADE4A1F42}.Release|Any CPU.ActiveCfg = Release|Any CPU
		{BECE8902-D10E-4126-B4B2-1DBADE4A1F42}.Release|Any CPU.Build.0 = Release|Any CPU
	EndGlobalSection
	GlobalSection(SolutionProperties) = preSolution
		HideSolutionNode = FALSE
	EndGlobalSection
	GlobalSection(ExtensibilityGlobals) = postSolution
		SolutionGuid = {E2F2B175-AEA0-48C1-9C2D-248F4F68673B}
	EndGlobalSection
EndGlobal
